// !$*UTF8*$!
{
	archiveVersion = 1;
	classes = {
	};
	objectVersion = 55;
	objects = {

/* Begin PBXBuildFile section */
		231C830FC8F622083474D3A7 /* Pods_MegaboxClone.framework in Frameworks */ = {isa = PBXBuildFile; fileRef = 421621177413B7A275974091 /* Pods_MegaboxClone.framework */; };
		D01374CB27D7A5CD00570B79 /* SearchResponse.swift in Sources */ = {isa = PBXBuildFile; fileRef = D01374CA27D7A5CD00570B79 /* SearchResponse.swift */; };
		D01374CD27D7A5E200570B79 /* SearchRequest.swift in Sources */ = {isa = PBXBuildFile; fileRef = D01374CC27D7A5E200570B79 /* SearchRequest.swift */; };
		D043C60F27D8EB7C00DC9FD7 /* AfterLoginContainerView.swift in Sources */ = {isa = PBXBuildFile; fileRef = D043C60E27D8EB7C00DC9FD7 /* AfterLoginContainerView.swift */; };
		D043C61327D8EEA600DC9FD7 /* LoginViewController.swift in Sources */ = {isa = PBXBuildFile; fileRef = D043C61227D8EEA600DC9FD7 /* LoginViewController.swift */; };
		D0610AD927D8E9E500BD4192 /* UserInfoViewController.swift in Sources */ = {isa = PBXBuildFile; fileRef = D0610AD827D8E9E500BD4192 /* UserInfoViewController.swift */; };
		D073C64727D6322D00900D04 /* MovieResponse.swift in Sources */ = {isa = PBXBuildFile; fileRef = D073C64627D6322D00900D04 /* MovieResponse.swift */; };
		D073C64927D633F000900D04 /* MovieRequest.swift in Sources */ = {isa = PBXBuildFile; fileRef = D073C64827D633F000900D04 /* MovieRequest.swift */; };
		D07D4D5A27D709FB00FBE138 /* MainContainerVC.swift in Sources */ = {isa = PBXBuildFile; fileRef = D07D4D5927D709FB00FBE138 /* MainContainerVC.swift */; };
		D07D4D5D27D70BF400FBE138 /* MovieListCollectionViewCell.swift in Sources */ = {isa = PBXBuildFile; fileRef = D07D4D5B27D70BF400FBE138 /* MovieListCollectionViewCell.swift */; };
		D07D4D5E27D70BF400FBE138 /* MovieListCollectionViewCell.xib in Resources */ = {isa = PBXBuildFile; fileRef = D07D4D5C27D70BF400FBE138 /* MovieListCollectionViewCell.xib */; };
		D08D764227D8E11B00799197 /* BeforeLogInContainerView.swift in Sources */ = {isa = PBXBuildFile; fileRef = D08D764127D8E11B00799197 /* BeforeLogInContainerView.swift */; };
		D0A30F7D27D5E48A00E243E1 /* AppDelegate.swift in Sources */ = {isa = PBXBuildFile; fileRef = D0A30F7C27D5E48A00E243E1 /* AppDelegate.swift */; };
		D0A30F7F27D5E48A00E243E1 /* SceneDelegate.swift in Sources */ = {isa = PBXBuildFile; fileRef = D0A30F7E27D5E48A00E243E1 /* SceneDelegate.swift */; };
		D0A30F8127D5E48A00E243E1 /* ViewController.swift in Sources */ = {isa = PBXBuildFile; fileRef = D0A30F8027D5E48A00E243E1 /* ViewController.swift */; };
		D0A30F8427D5E48A00E243E1 /* Main.storyboard in Resources */ = {isa = PBXBuildFile; fileRef = D0A30F8227D5E48A00E243E1 /* Main.storyboard */; };
		D0A30F8627D5E48B00E243E1 /* Assets.xcassets in Resources */ = {isa = PBXBuildFile; fileRef = D0A30F8527D5E48B00E243E1 /* Assets.xcassets */; };
		D0A30F8927D5E48B00E243E1 /* LaunchScreen.storyboard in Resources */ = {isa = PBXBuildFile; fileRef = D0A30F8727D5E48B00E243E1 /* LaunchScreen.storyboard */; };
		D0A30F9327D5F11900E243E1 /* EventCollectionViewCell.swift in Sources */ = {isa = PBXBuildFile; fileRef = D0A30F9127D5F11900E243E1 /* EventCollectionViewCell.swift */; };
		D0A30F9427D5F11900E243E1 /* EventCollectionViewCell.xib in Resources */ = {isa = PBXBuildFile; fileRef = D0A30F9227D5F11900E243E1 /* EventCollectionViewCell.xib */; };
		D0A30F9727D5F54C00E243E1 /* Model.swift in Sources */ = {isa = PBXBuildFile; fileRef = D0A30F9627D5F54C00E243E1 /* Model.swift */; };
		D0CCE19727D89B2500B8675C /* MegaPickContainerView.swift in Sources */ = {isa = PBXBuildFile; fileRef = D0CCE19627D89B2500B8675C /* MegaPickContainerView.swift */; };
		D0CCE19A27D89B4B00B8675C /* MovieContainerView.swift in Sources */ = {isa = PBXBuildFile; fileRef = D0CCE19927D89B4B00B8675C /* MovieContainerView.swift */; };
		D0D9C10C27D89FAE009ABE8D /* EventListCollectionViewCell.swift in Sources */ = {isa = PBXBuildFile; fileRef = D0D9C10A27D89FAE009ABE8D /* EventListCollectionViewCell.swift */; };
		D0D9C10D27D89FAE009ABE8D /* EventListCollectionViewCell.xib in Resources */ = {isa = PBXBuildFile; fileRef = D0D9C10B27D89FAE009ABE8D /* EventListCollectionViewCell.xib */; };
		D0D9C11127D8B86A009ABE8D /* SpecialHallCollectionViewCell.swift in Sources */ = {isa = PBXBuildFile; fileRef = D0D9C10F27D8B86A009ABE8D /* SpecialHallCollectionViewCell.swift */; };
		D0D9C11227D8B86A009ABE8D /* SpecialHallCollectionViewCell.xib in Resources */ = {isa = PBXBuildFile; fileRef = D0D9C11027D8B86A009ABE8D /* SpecialHallCollectionViewCell.xib */; };
		D0DE901327D6DF4600AD671E /* BoxOfficeContainerView.swift in Sources */ = {isa = PBXBuildFile; fileRef = D0DE901227D6DF4600AD671E /* BoxOfficeContainerView.swift */; };
		D0DE901527D6DF6C00AD671E /* ComingSoonContainerView.swift in Sources */ = {isa = PBXBuildFile; fileRef = D0DE901427D6DF6C00AD671E /* ComingSoonContainerView.swift */; };
		D0DE901A27D6EAE600AD671E /* HashTagCollectionViewCell.swift in Sources */ = {isa = PBXBuildFile; fileRef = D0DE901827D6EAE600AD671E /* HashTagCollectionViewCell.swift */; };
		D0DE901B27D6EAE600AD671E /* HashTagCollectionViewCell.xib in Resources */ = {isa = PBXBuildFile; fileRef = D0DE901927D6EAE600AD671E /* HashTagCollectionViewCell.xib */; };
/* End PBXBuildFile section */

/* Begin PBXFileReference section */
		421621177413B7A275974091 /* Pods_MegaboxClone.framework */ = {isa = PBXFileReference; explicitFileType = wrapper.framework; includeInIndex = 0; path = Pods_MegaboxClone.framework; sourceTree = BUILT_PRODUCTS_DIR; };
		7C9B6B048F1D06E04AD60E82 /* Pods-MegaboxClone.debug.xcconfig */ = {isa = PBXFileReference; includeInIndex = 1; lastKnownFileType = text.xcconfig; name = "Pods-MegaboxClone.debug.xcconfig"; path = "Target Support Files/Pods-MegaboxClone/Pods-MegaboxClone.debug.xcconfig"; sourceTree = "<group>"; };
		D01374CA27D7A5CD00570B79 /* SearchResponse.swift */ = {isa = PBXFileReference; lastKnownFileType = sourcecode.swift; path = SearchResponse.swift; sourceTree = "<group>"; };
		D01374CC27D7A5E200570B79 /* SearchRequest.swift */ = {isa = PBXFileReference; lastKnownFileType = sourcecode.swift; path = SearchRequest.swift; sourceTree = "<group>"; };
		D043C60E27D8EB7C00DC9FD7 /* AfterLoginContainerView.swift */ = {isa = PBXFileReference; lastKnownFileType = sourcecode.swift; path = AfterLoginContainerView.swift; sourceTree = "<group>"; };
		D043C61227D8EEA600DC9FD7 /* LoginViewController.swift */ = {isa = PBXFileReference; lastKnownFileType = sourcecode.swift; path = LoginViewController.swift; sourceTree = "<group>"; };
		D0610AD827D8E9E500BD4192 /* UserInfoViewController.swift */ = {isa = PBXFileReference; lastKnownFileType = sourcecode.swift; path = UserInfoViewController.swift; sourceTree = "<group>"; };
		D073C64627D6322D00900D04 /* MovieResponse.swift */ = {isa = PBXFileReference; lastKnownFileType = sourcecode.swift; path = MovieResponse.swift; sourceTree = "<group>"; };
		D073C64827D633F000900D04 /* MovieRequest.swift */ = {isa = PBXFileReference; lastKnownFileType = sourcecode.swift; path = MovieRequest.swift; sourceTree = "<group>"; };
		D07D4D5927D709FB00FBE138 /* MainContainerVC.swift */ = {isa = PBXFileReference; lastKnownFileType = sourcecode.swift; path = MainContainerVC.swift; sourceTree = "<group>"; };
		D07D4D5B27D70BF400FBE138 /* MovieListCollectionViewCell.swift */ = {isa = PBXFileReference; lastKnownFileType = sourcecode.swift; path = MovieListCollectionViewCell.swift; sourceTree = "<group>"; };
		D07D4D5C27D70BF400FBE138 /* MovieListCollectionViewCell.xib */ = {isa = PBXFileReference; lastKnownFileType = file.xib; path = MovieListCollectionViewCell.xib; sourceTree = "<group>"; };
		D08D764127D8E11B00799197 /* BeforeLogInContainerView.swift */ = {isa = PBXFileReference; lastKnownFileType = sourcecode.swift; path = BeforeLogInContainerView.swift; sourceTree = "<group>"; };
		D0A30F7927D5E48A00E243E1 /* MegaboxClone.app */ = {isa = PBXFileReference; explicitFileType = wrapper.application; includeInIndex = 0; path = MegaboxClone.app; sourceTree = BUILT_PRODUCTS_DIR; };
		D0A30F7C27D5E48A00E243E1 /* AppDelegate.swift */ = {isa = PBXFileReference; lastKnownFileType = sourcecode.swift; path = AppDelegate.swift; sourceTree = "<group>"; };
		D0A30F7E27D5E48A00E243E1 /* SceneDelegate.swift */ = {isa = PBXFileReference; lastKnownFileType = sourcecode.swift; path = SceneDelegate.swift; sourceTree = "<group>"; };
		D0A30F8027D5E48A00E243E1 /* ViewController.swift */ = {isa = PBXFileReference; lastKnownFileType = sourcecode.swift; path = ViewController.swift; sourceTree = "<group>"; };
		D0A30F8327D5E48A00E243E1 /* Base */ = {isa = PBXFileReference; lastKnownFileType = file.storyboard; name = Base; path = Base.lproj/Main.storyboard; sourceTree = "<group>"; };
		D0A30F8527D5E48B00E243E1 /* Assets.xcassets */ = {isa = PBXFileReference; lastKnownFileType = folder.assetcatalog; path = Assets.xcassets; sourceTree = "<group>"; };
		D0A30F8827D5E48B00E243E1 /* Base */ = {isa = PBXFileReference; lastKnownFileType = file.storyboard; name = Base; path = Base.lproj/LaunchScreen.storyboard; sourceTree = "<group>"; };
		D0A30F8A27D5E48B00E243E1 /* Info.plist */ = {isa = PBXFileReference; lastKnownFileType = text.plist.xml; path = Info.plist; sourceTree = "<group>"; };
		D0A30F9127D5F11900E243E1 /* EventCollectionViewCell.swift */ = {isa = PBXFileReference; lastKnownFileType = sourcecode.swift; path = EventCollectionViewCell.swift; sourceTree = "<group>"; };
		D0A30F9227D5F11900E243E1 /* EventCollectionViewCell.xib */ = {isa = PBXFileReference; lastKnownFileType = file.xib; path = EventCollectionViewCell.xib; sourceTree = "<group>"; };
		D0A30F9627D5F54C00E243E1 /* Model.swift */ = {isa = PBXFileReference; lastKnownFileType = sourcecode.swift; path = Model.swift; sourceTree = "<group>"; };
		D0CCE19627D89B2500B8675C /* MegaPickContainerView.swift */ = {isa = PBXFileReference; lastKnownFileType = sourcecode.swift; path = MegaPickContainerView.swift; sourceTree = "<group>"; };
		D0CCE19927D89B4B00B8675C /* MovieContainerView.swift */ = {isa = PBXFileReference; lastKnownFileType = sourcecode.swift; path = MovieContainerView.swift; sourceTree = "<group>"; };
		D0D9C10A27D89FAE009ABE8D /* EventListCollectionViewCell.swift */ = {isa = PBXFileReference; lastKnownFileType = sourcecode.swift; path = EventListCollectionViewCell.swift; sourceTree = "<group>"; };
		D0D9C10B27D89FAE009ABE8D /* EventListCollectionViewCell.xib */ = {isa = PBXFileReference; lastKnownFileType = file.xib; path = EventListCollectionViewCell.xib; sourceTree = "<group>"; };
		D0D9C10F27D8B86A009ABE8D /* SpecialHallCollectionViewCell.swift */ = {isa = PBXFileReference; lastKnownFileType = sourcecode.swift; path = SpecialHallCollectionViewCell.swift; sourceTree = "<group>"; };
		D0D9C11027D8B86A009ABE8D /* SpecialHallCollectionViewCell.xib */ = {isa = PBXFileReference; lastKnownFileType = file.xib; path = SpecialHallCollectionViewCell.xib; sourceTree = "<group>"; };
		D0DE901227D6DF4600AD671E /* BoxOfficeContainerView.swift */ = {isa = PBXFileReference; lastKnownFileType = sourcecode.swift; path = BoxOfficeContainerView.swift; sourceTree = "<group>"; };
		D0DE901427D6DF6C00AD671E /* ComingSoonContainerView.swift */ = {isa = PBXFileReference; lastKnownFileType = sourcecode.swift; path = ComingSoonContainerView.swift; sourceTree = "<group>"; };
		D0DE901827D6EAE600AD671E /* HashTagCollectionViewCell.swift */ = {isa = PBXFileReference; lastKnownFileType = sourcecode.swift; path = HashTagCollectionViewCell.swift; sourceTree = "<group>"; };
		D0DE901927D6EAE600AD671E /* HashTagCollectionViewCell.xib */ = {isa = PBXFileReference; lastKnownFileType = file.xib; path = HashTagCollectionViewCell.xib; sourceTree = "<group>"; };
		D127DA986FA9DDAF92DB1B40 /* Pods-MegaboxClone.release.xcconfig */ = {isa = PBXFileReference; includeInIndex = 1; lastKnownFileType = text.xcconfig; name = "Pods-MegaboxClone.release.xcconfig"; path = "Target Support Files/Pods-MegaboxClone/Pods-MegaboxClone.release.xcconfig"; sourceTree = "<group>"; };
/* End PBXFileReference section */

/* Begin PBXFrameworksBuildPhase section */
		D0A30F7627D5E48A00E243E1 /* Frameworks */ = {
			isa = PBXFrameworksBuildPhase;
			buildActionMask = 2147483647;
			files = (
				231C830FC8F622083474D3A7 /* Pods_MegaboxClone.framework in Frameworks */,
			);
			runOnlyForDeploymentPostprocessing = 0;
		};
/* End PBXFrameworksBuildPhase section */

/* Begin PBXGroup section */
		AF12B71B85F588B048C55A5A /* Frameworks */ = {
			isa = PBXGroup;
			children = (
				421621177413B7A275974091 /* Pods_MegaboxClone.framework */,
			);
			name = Frameworks;
			sourceTree = "<group>";
		};
		D01374C927D7A5A600570B79 /* Movie */ = {
			isa = PBXGroup;
			children = (
				D073C64627D6322D00900D04 /* MovieResponse.swift */,
				D073C64827D633F000900D04 /* MovieRequest.swift */,
			);
			path = Movie;
			sourceTree = "<group>";
		};
		D01374CE27D7A5E800570B79 /* Search */ = {
			isa = PBXGroup;
			children = (
				D01374CA27D7A5CD00570B79 /* SearchResponse.swift */,
				D01374CC27D7A5E200570B79 /* SearchRequest.swift */,
			);
			path = Search;
			sourceTree = "<group>";
		};
		D043C61027D8EE7900DC9FD7 /* UserInfo View */ = {
			isa = PBXGroup;
			children = (
				D08D764127D8E11B00799197 /* BeforeLogInContainerView.swift */,
				D043C60E27D8EB7C00DC9FD7 /* AfterLoginContainerView.swift */,
			);
			path = "UserInfo View";
			sourceTree = "<group>";
		};
		D043C61127D8EE9800DC9FD7 /* ViewController */ = {
			isa = PBXGroup;
			children = (
				D0A30F8027D5E48A00E243E1 /* ViewController.swift */,
				D0610AD827D8E9E500BD4192 /* UserInfoViewController.swift */,
				D043C61227D8EEA600DC9FD7 /* LoginViewController.swift */,
			);
			path = ViewController;
			sourceTree = "<group>";
		};
		D073C64A27D6406000900D04 /* API */ = {
			isa = PBXGroup;
			children = (
				D01374C927D7A5A600570B79 /* Movie */,
				D01374CE27D7A5E800570B79 /* Search */,
			);
			path = API;
			sourceTree = "<group>";
		};
		D07D4D5F27D70BF700FBE138 /* MovieList */ = {
			isa = PBXGroup;
			children = (
				D07D4D5B27D70BF400FBE138 /* MovieListCollectionViewCell.swift */,
				D07D4D5C27D70BF400FBE138 /* MovieListCollectionViewCell.xib */,
			);
			path = MovieList;
			sourceTree = "<group>";
		};
		D0A30F7027D5E48A00E243E1 = {
			isa = PBXGroup;
			children = (
				D0A30F7B27D5E48A00E243E1 /* MegaboxClone */,
				D0A30F7A27D5E48A00E243E1 /* Products */,
				F043A01022ADBB08B8EF2C39 /* Pods */,
				AF12B71B85F588B048C55A5A /* Frameworks */,
			);
			sourceTree = "<group>";
		};
		D0A30F7A27D5E48A00E243E1 /* Products */ = {
			isa = PBXGroup;
			children = (
				D0A30F7927D5E48A00E243E1 /* MegaboxClone.app */,
			);
			name = Products;
			sourceTree = "<group>";
		};
		D0A30F7B27D5E48A00E243E1 /* MegaboxClone */ = {
			isa = PBXGroup;
			children = (
				D0A30F9027D5E50400E243E1 /* App */,
				D043C61127D8EE9800DC9FD7 /* ViewController */,
				D0A30F8227D5E48A00E243E1 /* Main.storyboard */,
				D0DE901627D6DF7200AD671E /* ContainerView */,
				D07D4D5927D709FB00FBE138 /* MainContainerVC.swift */,
				D0A30F8527D5E48B00E243E1 /* Assets.xcassets */,
				D0A30F8727D5E48B00E243E1 /* LaunchScreen.storyboard */,
				D0A30F8A27D5E48B00E243E1 /* Info.plist */,
				D0A30F9527D5F11F00E243E1 /* Cell */,
				D0A30F9627D5F54C00E243E1 /* Model.swift */,
				D073C64A27D6406000900D04 /* API */,
			);
			path = MegaboxClone;
			sourceTree = "<group>";
		};
		D0A30F9027D5E50400E243E1 /* App */ = {
			isa = PBXGroup;
			children = (
				D0A30F7C27D5E48A00E243E1 /* AppDelegate.swift */,
				D0A30F7E27D5E48A00E243E1 /* SceneDelegate.swift */,
			);
			path = App;
			sourceTree = "<group>";
		};
		D0A30F9527D5F11F00E243E1 /* Cell */ = {
			isa = PBXGroup;
			children = (
				D0DE901727D6EAB100AD671E /* Event */,
				D0DE901C27D6EAE900AD671E /* HashTag */,
				D07D4D5F27D70BF700FBE138 /* MovieList */,
				D0D9C10E27D89FB3009ABE8D /* Event List */,
				D0D9C11327D8B86E009ABE8D /* Special Hall */,
			);
			path = Cell;
			sourceTree = "<group>";
		};
		D0CCE19827D89B3100B8675C /* 영화 */ = {
			isa = PBXGroup;
			children = (
				D0DE901227D6DF4600AD671E /* BoxOfficeContainerView.swift */,
				D0DE901427D6DF6C00AD671E /* ComingSoonContainerView.swift */,
			);
			name = "영화";
			path = "영화";
			sourceTree = "<group>";
		};
		D0CCE19B27D89B4F00B8675C /* 이벤트 */ = {
			isa = PBXGroup;
			children = (
				D0CCE19627D89B2500B8675C /* MegaPickContainerView.swift */,
				D0CCE19927D89B4B00B8675C /* MovieContainerView.swift */,
			);
			name = "이벤트";
			path = "이벤트";
			sourceTree = "<group>";
		};
		D0D9C10E27D89FB3009ABE8D /* Event List */ = {
			isa = PBXGroup;
			children = (
				D0D9C10A27D89FAE009ABE8D /* EventListCollectionViewCell.swift */,
				D0D9C10B27D89FAE009ABE8D /* EventListCollectionViewCell.xib */,
			);
			path = "Event List";
			sourceTree = "<group>";
		};
		D0D9C11327D8B86E009ABE8D /* Special Hall */ = {
			isa = PBXGroup;
			children = (
				D0D9C10F27D8B86A009ABE8D /* SpecialHallCollectionViewCell.swift */,
				D0D9C11027D8B86A009ABE8D /* SpecialHallCollectionViewCell.xib */,
			);
			path = "Special Hall";
			sourceTree = "<group>";
		};
		D0DE901627D6DF7200AD671E /* ContainerView */ = {
			isa = PBXGroup;
			children = (
				D0CCE19827D89B3100B8675C /* 영화 */,
				D0CCE19B27D89B4F00B8675C /* 이벤트 */,
				D043C61027D8EE7900DC9FD7 /* UserInfo View */,
			);
			path = ContainerView;
			sourceTree = "<group>";
		};
		D0DE901727D6EAB100AD671E /* Event */ = {
			isa = PBXGroup;
			children = (
				D0A30F9127D5F11900E243E1 /* EventCollectionViewCell.swift */,
				D0A30F9227D5F11900E243E1 /* EventCollectionViewCell.xib */,
			);
			path = Event;
			sourceTree = "<group>";
		};
		D0DE901C27D6EAE900AD671E /* HashTag */ = {
			isa = PBXGroup;
			children = (
				D0DE901827D6EAE600AD671E /* HashTagCollectionViewCell.swift */,
				D0DE901927D6EAE600AD671E /* HashTagCollectionViewCell.xib */,
			);
			path = HashTag;
			sourceTree = "<group>";
		};
		F043A01022ADBB08B8EF2C39 /* Pods */ = {
			isa = PBXGroup;
			children = (
				7C9B6B048F1D06E04AD60E82 /* Pods-MegaboxClone.debug.xcconfig */,
				D127DA986FA9DDAF92DB1B40 /* Pods-MegaboxClone.release.xcconfig */,
			);
			path = Pods;
			sourceTree = "<group>";
		};
/* End PBXGroup section */

/* Begin PBXNativeTarget section */
		D0A30F7827D5E48A00E243E1 /* MegaboxClone */ = {
			isa = PBXNativeTarget;
			buildConfigurationList = D0A30F8D27D5E48B00E243E1 /* Build configuration list for PBXNativeTarget "MegaboxClone" */;
			buildPhases = (
				E5387E659A4DD9A62111F019 /* [CP] Check Pods Manifest.lock */,
				D0A30F7527D5E48A00E243E1 /* Sources */,
				D0A30F7627D5E48A00E243E1 /* Frameworks */,
				D0A30F7727D5E48A00E243E1 /* Resources */,
				4AD74D9014CAB58CE1E64C38 /* [CP] Embed Pods Frameworks */,
			);
			buildRules = (
			);
			dependencies = (
			);
			name = MegaboxClone;
			productName = MegaboxClone;
			productReference = D0A30F7927D5E48A00E243E1 /* MegaboxClone.app */;
			productType = "com.apple.product-type.application";
		};
/* End PBXNativeTarget section */

/* Begin PBXProject section */
		D0A30F7127D5E48A00E243E1 /* Project object */ = {
			isa = PBXProject;
			attributes = {
				BuildIndependentTargetsInParallel = 1;
				LastSwiftUpdateCheck = 1320;
				LastUpgradeCheck = 1320;
				TargetAttributes = {
					D0A30F7827D5E48A00E243E1 = {
						CreatedOnToolsVersion = 13.2.1;
					};
				};
			};
			buildConfigurationList = D0A30F7427D5E48A00E243E1 /* Build configuration list for PBXProject "MegaboxClone" */;
			compatibilityVersion = "Xcode 13.0";
			developmentRegion = en;
			hasScannedForEncodings = 0;
			knownRegions = (
				en,
				Base,
			);
			mainGroup = D0A30F7027D5E48A00E243E1;
			productRefGroup = D0A30F7A27D5E48A00E243E1 /* Products */;
			projectDirPath = "";
			projectRoot = "";
			targets = (
				D0A30F7827D5E48A00E243E1 /* MegaboxClone */,
			);
		};
/* End PBXProject section */

/* Begin PBXResourcesBuildPhase section */
		D0A30F7727D5E48A00E243E1 /* Resources */ = {
			isa = PBXResourcesBuildPhase;
			buildActionMask = 2147483647;
			files = (
				D0DE901B27D6EAE600AD671E /* HashTagCollectionViewCell.xib in Resources */,
				D0D9C11227D8B86A009ABE8D /* SpecialHallCollectionViewCell.xib in Resources */,
				D0A30F8927D5E48B00E243E1 /* LaunchScreen.storyboard in Resources */,
				D0A30F9427D5F11900E243E1 /* EventCollectionViewCell.xib in Resources */,
				D07D4D5E27D70BF400FBE138 /* MovieListCollectionViewCell.xib in Resources */,
				D0A30F8627D5E48B00E243E1 /* Assets.xcassets in Resources */,
				D0A30F8427D5E48A00E243E1 /* Main.storyboard in Resources */,
				D0D9C10D27D89FAE009ABE8D /* EventListCollectionViewCell.xib in Resources */,
			);
			runOnlyForDeploymentPostprocessing = 0;
		};
/* End PBXResourcesBuildPhase section */

/* Begin PBXShellScriptBuildPhase section */
		4AD74D9014CAB58CE1E64C38 /* [CP] Embed Pods Frameworks */ = {
			isa = PBXShellScriptBuildPhase;
			buildActionMask = 2147483647;
			files = (
			);
			inputFileListPaths = (
				"${PODS_ROOT}/Target Support Files/Pods-MegaboxClone/Pods-MegaboxClone-frameworks-${CONFIGURATION}-input-files.xcfilelist",
			);
			name = "[CP] Embed Pods Frameworks";
			outputFileListPaths = (
				"${PODS_ROOT}/Target Support Files/Pods-MegaboxClone/Pods-MegaboxClone-frameworks-${CONFIGURATION}-output-files.xcfilelist",
			);
			runOnlyForDeploymentPostprocessing = 0;
			shellPath = /bin/sh;
			shellScript = "\"${PODS_ROOT}/Target Support Files/Pods-MegaboxClone/Pods-MegaboxClone-frameworks.sh\"\n";
			showEnvVarsInLog = 0;
		};
		E5387E659A4DD9A62111F019 /* [CP] Check Pods Manifest.lock */ = {
			isa = PBXShellScriptBuildPhase;
			buildActionMask = 2147483647;
			files = (
			);
			inputFileListPaths = (
			);
			inputPaths = (
				"${PODS_PODFILE_DIR_PATH}/Podfile.lock",
				"${PODS_ROOT}/Manifest.lock",
			);
			name = "[CP] Check Pods Manifest.lock";
			outputFileListPaths = (
			);
			outputPaths = (
				"$(DERIVED_FILE_DIR)/Pods-MegaboxClone-checkManifestLockResult.txt",
			);
			runOnlyForDeploymentPostprocessing = 0;
			shellPath = /bin/sh;
			shellScript = "diff \"${PODS_PODFILE_DIR_PATH}/Podfile.lock\" \"${PODS_ROOT}/Manifest.lock\" > /dev/null\nif [ $? != 0 ] ; then\n    # print error to STDERR\n    echo \"error: The sandbox is not in sync with the Podfile.lock. Run 'pod install' or update your CocoaPods installation.\" >&2\n    exit 1\nfi\n# This output is used by Xcode 'outputs' to avoid re-running this script phase.\necho \"SUCCESS\" > \"${SCRIPT_OUTPUT_FILE_0}\"\n";
			showEnvVarsInLog = 0;
		};
/* End PBXShellScriptBuildPhase section */

/* Begin PBXSourcesBuildPhase section */
		D0A30F7527D5E48A00E243E1 /* Sources */ = {
			isa = PBXSourcesBuildPhase;
			buildActionMask = 2147483647;
			files = (
				D043C60F27D8EB7C00DC9FD7 /* AfterLoginContainerView.swift in Sources */,
				D01374CB27D7A5CD00570B79 /* SearchResponse.swift in Sources */,
				D0CCE19A27D89B4B00B8675C /* MovieContainerView.swift in Sources */,
				D0A30F9727D5F54C00E243E1 /* Model.swift in Sources */,
				D07D4D5D27D70BF400FBE138 /* MovieListCollectionViewCell.swift in Sources */,
				D0DE901A27D6EAE600AD671E /* HashTagCollectionViewCell.swift in Sources */,
				D0D9C11127D8B86A009ABE8D /* SpecialHallCollectionViewCell.swift in Sources */,
				D07D4D5A27D709FB00FBE138 /* MainContainerVC.swift in Sources */,
				D0A30F8127D5E48A00E243E1 /* ViewController.swift in Sources */,
				D0DE901327D6DF4600AD671E /* BoxOfficeContainerView.swift in Sources */,
				D043C61327D8EEA600DC9FD7 /* LoginViewController.swift in Sources */,
				D0A30F9327D5F11900E243E1 /* EventCollectionViewCell.swift in Sources */,
				D0CCE19727D89B2500B8675C /* MegaPickContainerView.swift in Sources */,
				D0DE901527D6DF6C00AD671E /* ComingSoonContainerView.swift in Sources */,
				D0D9C10C27D89FAE009ABE8D /* EventListCollectionViewCell.swift in Sources */,
				D073C64727D6322D00900D04 /* MovieResponse.swift in Sources */,
				D0A30F7D27D5E48A00E243E1 /* AppDelegate.swift in Sources */,
				D08D764227D8E11B00799197 /* BeforeLogInContainerView.swift in Sources */,
				D01374CD27D7A5E200570B79 /* SearchRequest.swift in Sources */,
				D0610AD927D8E9E500BD4192 /* UserInfoViewController.swift in Sources */,
				D073C64927D633F000900D04 /* MovieRequest.swift in Sources */,
				D0A30F7F27D5E48A00E243E1 /* SceneDelegate.swift in Sources */,
			);
			runOnlyForDeploymentPostprocessing = 0;
		};
/* End PBXSourcesBuildPhase section */

/* Begin PBXVariantGroup section */
		D0A30F8227D5E48A00E243E1 /* Main.storyboard */ = {
			isa = PBXVariantGroup;
			children = (
				D0A30F8327D5E48A00E243E1 /* Base */,
			);
			name = Main.storyboard;
			sourceTree = "<group>";
		};
		D0A30F8727D5E48B00E243E1 /* LaunchScreen.storyboard */ = {
			isa = PBXVariantGroup;
			children = (
				D0A30F8827D5E48B00E243E1 /* Base */,
			);
			name = LaunchScreen.storyboard;
			sourceTree = "<group>";
		};
/* End PBXVariantGroup section */

/* Begin XCBuildConfiguration section */
		D0A30F8B27D5E48B00E243E1 /* Debug */ = {
			isa = XCBuildConfiguration;
			buildSettings = {
				ALWAYS_SEARCH_USER_PATHS = NO;
				CLANG_ANALYZER_NONNULL = YES;
				CLANG_ANALYZER_NUMBER_OBJECT_CONVERSION = YES_AGGRESSIVE;
				CLANG_CXX_LANGUAGE_STANDARD = "gnu++17";
				CLANG_CXX_LIBRARY = "libc++";
				CLANG_ENABLE_MODULES = YES;
				CLANG_ENABLE_OBJC_ARC = YES;
				CLANG_ENABLE_OBJC_WEAK = YES;
				CLANG_WARN_BLOCK_CAPTURE_AUTORELEASING = YES;
				CLANG_WARN_BOOL_CONVERSION = YES;
				CLANG_WARN_COMMA = YES;
				CLANG_WARN_CONSTANT_CONVERSION = YES;
				CLANG_WARN_DEPRECATED_OBJC_IMPLEMENTATIONS = YES;
				CLANG_WARN_DIRECT_OBJC_ISA_USAGE = YES_ERROR;
				CLANG_WARN_DOCUMENTATION_COMMENTS = YES;
				CLANG_WARN_EMPTY_BODY = YES;
				CLANG_WARN_ENUM_CONVERSION = YES;
				CLANG_WARN_INFINITE_RECURSION = YES;
				CLANG_WARN_INT_CONVERSION = YES;
				CLANG_WARN_NON_LITERAL_NULL_CONVERSION = YES;
				CLANG_WARN_OBJC_IMPLICIT_RETAIN_SELF = YES;
				CLANG_WARN_OBJC_LITERAL_CONVERSION = YES;
				CLANG_WARN_OBJC_ROOT_CLASS = YES_ERROR;
				CLANG_WARN_QUOTED_INCLUDE_IN_FRAMEWORK_HEADER = YES;
				CLANG_WARN_RANGE_LOOP_ANALYSIS = YES;
				CLANG_WARN_STRICT_PROTOTYPES = YES;
				CLANG_WARN_SUSPICIOUS_MOVE = YES;
				CLANG_WARN_UNGUARDED_AVAILABILITY = YES_AGGRESSIVE;
				CLANG_WARN_UNREACHABLE_CODE = YES;
				CLANG_WARN__DUPLICATE_METHOD_MATCH = YES;
				COPY_PHASE_STRIP = NO;
				DEBUG_INFORMATION_FORMAT = dwarf;
				ENABLE_STRICT_OBJC_MSGSEND = YES;
				ENABLE_TESTABILITY = YES;
				GCC_C_LANGUAGE_STANDARD = gnu11;
				GCC_DYNAMIC_NO_PIC = NO;
				GCC_NO_COMMON_BLOCKS = YES;
				GCC_OPTIMIZATION_LEVEL = 0;
				GCC_PREPROCESSOR_DEFINITIONS = (
					"DEBUG=1",
					"$(inherited)",
				);
				GCC_WARN_64_TO_32_BIT_CONVERSION = YES;
				GCC_WARN_ABOUT_RETURN_TYPE = YES_ERROR;
				GCC_WARN_UNDECLARED_SELECTOR = YES;
				GCC_WARN_UNINITIALIZED_AUTOS = YES_AGGRESSIVE;
				GCC_WARN_UNUSED_FUNCTION = YES;
				GCC_WARN_UNUSED_VARIABLE = YES;
				IPHONEOS_DEPLOYMENT_TARGET = 15.2;
				MTL_ENABLE_DEBUG_INFO = INCLUDE_SOURCE;
				MTL_FAST_MATH = YES;
				ONLY_ACTIVE_ARCH = YES;
				SDKROOT = iphoneos;
				SWIFT_ACTIVE_COMPILATION_CONDITIONS = DEBUG;
				SWIFT_OPTIMIZATION_LEVEL = "-Onone";
			};
			name = Debug;
		};
		D0A30F8C27D5E48B00E243E1 /* Release */ = {
			isa = XCBuildConfiguration;
			buildSettings = {
				ALWAYS_SEARCH_USER_PATHS = NO;
				CLANG_ANALYZER_NONNULL = YES;
				CLANG_ANALYZER_NUMBER_OBJECT_CONVERSION = YES_AGGRESSIVE;
				CLANG_CXX_LANGUAGE_STANDARD = "gnu++17";
				CLANG_CXX_LIBRARY = "libc++";
				CLANG_ENABLE_MODULES = YES;
				CLANG_ENABLE_OBJC_ARC = YES;
				CLANG_ENABLE_OBJC_WEAK = YES;
				CLANG_WARN_BLOCK_CAPTURE_AUTORELEASING = YES;
				CLANG_WARN_BOOL_CONVERSION = YES;
				CLANG_WARN_COMMA = YES;
				CLANG_WARN_CONSTANT_CONVERSION = YES;
				CLANG_WARN_DEPRECATED_OBJC_IMPLEMENTATIONS = YES;
				CLANG_WARN_DIRECT_OBJC_ISA_USAGE = YES_ERROR;
				CLANG_WARN_DOCUMENTATION_COMMENTS = YES;
				CLANG_WARN_EMPTY_BODY = YES;
				CLANG_WARN_ENUM_CONVERSION = YES;
				CLANG_WARN_INFINITE_RECURSION = YES;
				CLANG_WARN_INT_CONVERSION = YES;
				CLANG_WARN_NON_LITERAL_NULL_CONVERSION = YES;
				CLANG_WARN_OBJC_IMPLICIT_RETAIN_SELF = YES;
				CLANG_WARN_OBJC_LITERAL_CONVERSION = YES;
				CLANG_WARN_OBJC_ROOT_CLASS = YES_ERROR;
				CLANG_WARN_QUOTED_INCLUDE_IN_FRAMEWORK_HEADER = YES;
				CLANG_WARN_RANGE_LOOP_ANALYSIS = YES;
				CLANG_WARN_STRICT_PROTOTYPES = YES;
				CLANG_WARN_SUSPICIOUS_MOVE = YES;
				CLANG_WARN_UNGUARDED_AVAILABILITY = YES_AGGRESSIVE;
				CLANG_WARN_UNREACHABLE_CODE = YES;
				CLANG_WARN__DUPLICATE_METHOD_MATCH = YES;
				COPY_PHASE_STRIP = NO;
				DEBUG_INFORMATION_FORMAT = "dwarf-with-dsym";
				ENABLE_NS_ASSERTIONS = NO;
				ENABLE_STRICT_OBJC_MSGSEND = YES;
				GCC_C_LANGUAGE_STANDARD = gnu11;
				GCC_NO_COMMON_BLOCKS = YES;
				GCC_WARN_64_TO_32_BIT_CONVERSION = YES;
				GCC_WARN_ABOUT_RETURN_TYPE = YES_ERROR;
				GCC_WARN_UNDECLARED_SELECTOR = YES;
				GCC_WARN_UNINITIALIZED_AUTOS = YES_AGGRESSIVE;
				GCC_WARN_UNUSED_FUNCTION = YES;
				GCC_WARN_UNUSED_VARIABLE = YES;
				IPHONEOS_DEPLOYMENT_TARGET = 15.2;
				MTL_ENABLE_DEBUG_INFO = NO;
				MTL_FAST_MATH = YES;
				SDKROOT = iphoneos;
				SWIFT_COMPILATION_MODE = wholemodule;
				SWIFT_OPTIMIZATION_LEVEL = "-O";
				VALIDATE_PRODUCT = YES;
			};
			name = Release;
		};
		D0A30F8E27D5E48B00E243E1 /* Debug */ = {
			isa = XCBuildConfiguration;
			baseConfigurationReference = 7C9B6B048F1D06E04AD60E82 /* Pods-MegaboxClone.debug.xcconfig */;
			buildSettings = {
				ASSETCATALOG_COMPILER_APPICON_NAME = AppIcon;
				ASSETCATALOG_COMPILER_GLOBAL_ACCENT_COLOR_NAME = AccentColor;
				CODE_SIGN_STYLE = Automatic;
				CURRENT_PROJECT_VERSION = 1;
				GENERATE_INFOPLIST_FILE = YES;
				INFOPLIST_FILE = MegaboxClone/Info.plist;
				INFOPLIST_KEY_UIApplicationSupportsIndirectInputEvents = YES;
				INFOPLIST_KEY_UILaunchStoryboardName = LaunchScreen;
				INFOPLIST_KEY_UIMainStoryboardFile = Main;
				INFOPLIST_KEY_UISupportedInterfaceOrientations_iPad = "UIInterfaceOrientationPortrait UIInterfaceOrientationPortraitUpsideDown UIInterfaceOrientationLandscapeLeft UIInterfaceOrientationLandscapeRight";
				INFOPLIST_KEY_UISupportedInterfaceOrientations_iPhone = "UIInterfaceOrientationPortrait UIInterfaceOrientationLandscapeLeft UIInterfaceOrientationLandscapeRight";
				LD_RUNPATH_SEARCH_PATHS = (
					"$(inherited)",
					"@executable_path/Frameworks",
				);
				MARKETING_VERSION = 1.0;
				PRODUCT_BUNDLE_IDENTIFIER = "DongHee-Sin.MegaboxClone";
				PRODUCT_NAME = "$(TARGET_NAME)";
				SWIFT_EMIT_LOC_STRINGS = YES;
				SWIFT_VERSION = 5.0;
				TARGETED_DEVICE_FAMILY = "1,2";
			};
			name = Debug;
		};
		D0A30F8F27D5E48B00E243E1 /* Release */ = {
			isa = XCBuildConfiguration;
			baseConfigurationReference = D127DA986FA9DDAF92DB1B40 /* Pods-MegaboxClone.release.xcconfig */;
			buildSettings = {
				ASSETCATALOG_COMPILER_APPICON_NAME = AppIcon;
				ASSETCATALOG_COMPILER_GLOBAL_ACCENT_COLOR_NAME = AccentColor;
				CODE_SIGN_STYLE = Automatic;
				CURRENT_PROJECT_VERSION = 1;
				GENERATE_INFOPLIST_FILE = YES;
				INFOPLIST_FILE = MegaboxClone/Info.plist;
				INFOPLIST_KEY_UIApplicationSupportsIndirectInputEvents = YES;
				INFOPLIST_KEY_UILaunchStoryboardName = LaunchScreen;
				INFOPLIST_KEY_UIMainStoryboardFile = Main;
				INFOPLIST_KEY_UISupportedInterfaceOrientations_iPad = "UIInterfaceOrientationPortrait UIInterfaceOrientationPortraitUpsideDown UIInterfaceOrientationLandscapeLeft UIInterfaceOrientationLandscapeRight";
				INFOPLIST_KEY_UISupportedInterfaceOrientations_iPhone = "UIInterfaceOrientationPortrait UIInterfaceOrientationLandscapeLeft UIInterfaceOrientationLandscapeRight";
				LD_RUNPATH_SEARCH_PATHS = (
					"$(inherited)",
					"@executable_path/Frameworks",
				);
				MARKETING_VERSION = 1.0;
				PRODUCT_BUNDLE_IDENTIFIER = "DongHee-Sin.MegaboxClone";
				PRODUCT_NAME = "$(TARGET_NAME)";
				SWIFT_EMIT_LOC_STRINGS = YES;
				SWIFT_VERSION = 5.0;
				TARGETED_DEVICE_FAMILY = "1,2";
			};
			name = Release;
		};
/* End XCBuildConfiguration section */

/* Begin XCConfigurationList section */
		D0A30F7427D5E48A00E243E1 /* Build configuration list for PBXProject "MegaboxClone" */ = {
			isa = XCConfigurationList;
			buildConfigurations = (
				D0A30F8B27D5E48B00E243E1 /* Debug */,
				D0A30F8C27D5E48B00E243E1 /* Release */,
			);
			defaultConfigurationIsVisible = 0;
			defaultConfigurationName = Release;
		};
		D0A30F8D27D5E48B00E243E1 /* Build configuration list for PBXNativeTarget "MegaboxClone" */ = {
			isa = XCConfigurationList;
			buildConfigurations = (
				D0A30F8E27D5E48B00E243E1 /* Debug */,
				D0A30F8F27D5E48B00E243E1 /* Release */,
			);
			defaultConfigurationIsVisible = 0;
			defaultConfigurationName = Release;
		};
/* End XCConfigurationList section */
	};
	rootObject = D0A30F7127D5E48A00E243E1 /* Project object */;
}
